dependencies:
- name: spilo
  repository: https://bcgov.github.io/spilo-chart
  version: 0.2.0
- name: cas-metabase
  repository: https://bcgov.github.io/cas-metabase/
  version: 0.2.14
digest: sha256:4178cae9b20b43dbd8d5c571b24902eb4e3b47438294a937e81b7a14e3007ffd
generated: "2022-03-22T14:40:47.432997104-07:00"
